
Microsoft Visual Studio Solution File, Format Version 12.00
# Visual Studio Version 17
VisualStudioVersion = 17.5.002.0
MinimumVisualStudioVersion = 10.0.40219.1
Project("{9A19103F-16F7-4668-BE54-9A1E7A4F7556}") = "TelemetryReceiver", "TelemetryReceiver.csproj", "{DD907E7D-087A-43B3-8A7A-1EB19233046C}"
EndProject
Global
	GlobalSection(SolutionConfigurationPlatforms) = preSolution
		Debug|Any CPU = Debug|Any CPU
		Release|Any CPU = Release|Any CPU
	EndGlobalSection
	GlobalSection(ProjectConfigurationPlatforms) = postSolution
		{DD907E7D-087A-43B3-8A7A-1EB19233046C}.Debug|Any CPU.ActiveCfg = Debug|Any CPU
		{DD907E7D-087A-43B3-8A7A-1EB19233046C}.Debug|Any CPU.Build.0 = Debug|Any CPU
		{DD907E7D-087A-43B3-8A7A-1EB19233046C}.Release|Any CPU.ActiveCfg = Release|Any CPU
		{DD907E7D-087A-43B3-8A7A-1EB19233046C}.Release|Any CPU.Build.0 = Release|Any CPU
	EndGlobalSection
	GlobalSection(SolutionProperties) = preSolution
		HideSolutionNode = FALSE
	EndGlobalSection
	GlobalSection(ExtensibilityGlobals) = postSolution
		SolutionGuid = {F61CCB98-6195-49DA-9396-05C6AFF8EF4B}
	EndGlobalSection
EndGlobal
